// !$*UTF8*$!
{
	archiveVersion = 1;
	classes = {
	};
	objectVersion = 77;
	objects = {

/* Begin PBXAggregateTarget section */
		56C22B102F1C70000083660B /* mujoco-framework */ = {
			isa = PBXAggregateTarget;
			buildConfigurationList = 56C22B162F1C70000083660B /* Build configuration list for PBXAggregateTarget "mujoco-framework" */;
			buildPhases = (
				56C22B112F1C70000083660B /* Run Script - Build MuJoCo XCFramework */,
			);
			dependencies = (
			);
			name = "mujoco-framework";
			productName = "mujoco-framework";
		};
		56C2B7F12F25001A0055C34D /* flatbuffers-codegen */ = {
			isa = PBXAggregateTarget;
			buildConfigurationList = 56C2B7F72F25001A0055C34D /* Build configuration list for PBXAggregateTarget "flatbuffers-codegen" */;
			buildPhases = (
				56C2B7F02F25000A0055C34D /* Run Script - Generate FlatBuffers */,
			);
			dependencies = (
			);
			name = "flatbuffers-codegen";
			productName = "flatbuffers-codegen";
		};
/* End PBXAggregateTarget section */

/* Begin PBXBuildFile section */
		56C2293F2F1B87760083660B /* core.framework in Frameworks */ = {isa = PBXBuildFile; fileRef = 56C229352F1B87760083660B /* core.framework */; };
/* End PBXBuildFile section */

/* Begin PBXContainerItemProxy section */
		56C229402F1B87760083660B /* PBXContainerItemProxy */ = {
			isa = PBXContainerItemProxy;
			containerPortal = 56C2292C2F1B87760083660B /* Project object */;
			proxyType = 1;
			remoteGlobalIDString = 56C229342F1B87760083660B;
			remoteInfo = core;
		};
		56C22B122F1C70000083660B /* PBXContainerItemProxy */ = {
			isa = PBXContainerItemProxy;
			containerPortal = 56C2292C2F1B87760083660B /* Project object */;
			proxyType = 1;
			remoteGlobalIDString = 56C22B102F1C70000083660B;
			remoteInfo = "mujoco-framework";
		};
		56C2B7F22F25001A0055C34D /* PBXContainerItemProxy */ = {
			isa = PBXContainerItemProxy;
			containerPortal = 56C2292C2F1B87760083660B /* Project object */;
			proxyType = 1;
			remoteGlobalIDString = 56C2B7F12F25001A0055C34D;
			remoteInfo = "flatbuffers-codegen";
		};
/* End PBXContainerItemProxy section */

/* Begin PBXFileReference section */
		56C229352F1B87760083660B /* core.framework */ = {isa = PBXFileReference; explicitFileType = wrapper.framework; includeInIndex = 0; path = core.framework; sourceTree = BUILT_PRODUCTS_DIR; };
		56C2293E2F1B87760083660B /* core_tests.xctest */ = {isa = PBXFileReference; explicitFileType = wrapper.cfbundle; includeInIndex = 0; path = core_tests.xctest; sourceTree = BUILT_PRODUCTS_DIR; };
		56C22B012F1C61000083660B /* core.xcconfig */ = {isa = PBXFileReference; lastKnownFileType = text.xcconfig; path = core.xcconfig; sourceTree = "<group>"; };
/* End PBXFileReference section */

/* Begin PBXFileSystemSynchronizedRootGroup section */
		56C229372F1B87760083660B /* core */ = {
			isa = PBXFileSystemSynchronizedRootGroup;
			path = core;
			sourceTree = "<group>";
		};
		56C229422F1B87760083660B /* core_tests */ = {
			isa = PBXFileSystemSynchronizedRootGroup;
			path = core_tests;
			sourceTree = "<group>";
		};
/* End PBXFileSystemSynchronizedRootGroup section */

/* Begin PBXFrameworksBuildPhase section */
		56C229322F1B87760083660B /* Frameworks */ = {
			isa = PBXFrameworksBuildPhase;
			buildActionMask = 2147483647;
			files = (
			);
			runOnlyForDeploymentPostprocessing = 0;
		};
		56C2293B2F1B87760083660B /* Frameworks */ = {
			isa = PBXFrameworksBuildPhase;
			buildActionMask = 2147483647;
			files = (
				56C2293F2F1B87760083660B /* core.framework in Frameworks */,
			);
			runOnlyForDeploymentPostprocessing = 0;
		};
/* End PBXFrameworksBuildPhase section */

/* Begin PBXGroup section */
		56C2292B2F1B87760083660B = {
			isa = PBXGroup;
			children = (
				56C22B012F1C61000083660B /* core.xcconfig */,
				56C229372F1B87760083660B /* core */,
				56C229422F1B87760083660B /* core_tests */,
				56C229362F1B87760083660B /* Products */,
			);
			sourceTree = "<group>";
		};
		56C229362F1B87760083660B /* Products */ = {
			isa = PBXGroup;
			children = (
				56C229352F1B87760083660B /* core.framework */,
				56C2293E2F1B87760083660B /* core_tests.xctest */,
			);
			name = Products;
			sourceTree = "<group>";
		};
/* End PBXGroup section */

/* Begin PBXHeadersBuildPhase section */
		56C229302F1B87760083660B /* Headers */ = {
			isa = PBXHeadersBuildPhase;
			buildActionMask = 2147483647;
			files = (
			);
			runOnlyForDeploymentPostprocessing = 0;
		};
/* End PBXHeadersBuildPhase section */

/* Begin PBXNativeTarget section */
		56C229342F1B87760083660B /* core */ = {
			isa = PBXNativeTarget;
			buildConfigurationList = 56C229472F1B87760083660B /* Build configuration list for PBXNativeTarget "core" */;
			buildPhases = (
				56C229302F1B87760083660B /* Headers */,
				56C229312F1B87760083660B /* Sources */,
				56C229322F1B87760083660B /* Frameworks */,
				56C229332F1B87760083660B /* Resources */,
			);
			buildRules = (
			);
			dependencies = (
				56C2B7F32F25001A0055C34D /* PBXTargetDependency */,
				56C22B132F1C70000083660B /* PBXTargetDependency */,
			);
			fileSystemSynchronizedGroups = (
				56C229372F1B87760083660B /* core */,
			);
			name = core;
			packageProductDependencies = (
			);
			productName = core;
			productReference = 56C229352F1B87760083660B /* core.framework */;
			productType = "com.apple.product-type.framework";
		};
		56C2293D2F1B87760083660B /* core_tests */ = {
			isa = PBXNativeTarget;
			buildConfigurationList = 56C2294A2F1B87760083660B /* Build configuration list for PBXNativeTarget "core_tests" */;
			buildPhases = (
				56C2293A2F1B87760083660B /* Sources */,
				56C2293B2F1B87760083660B /* Frameworks */,
				56C2293C2F1B87760083660B /* Resources */,
			);
			buildRules = (
			);
			dependencies = (
				56C229412F1B87760083660B /* PBXTargetDependency */,
			);
			fileSystemSynchronizedGroups = (
				56C229422F1B87760083660B /* core_tests */,
			);
			name = core_tests;
			packageProductDependencies = (
			);
			productName = core_tests;
			productReference = 56C2293E2F1B87760083660B /* core_tests.xctest */;
			productType = "com.apple.product-type.bundle.unit-test";
		};
/* End PBXNativeTarget section */

/* Begin PBXProject section */
		56C2292C2F1B87760083660B /* Project object */ = {
			isa = PBXProject;
			attributes = {
				BuildIndependentTargetsInParallel = 1;
				KnownAssetTags = (
					New,
				);
				LastSwiftUpdateCheck = 2620;
				LastUpgradeCheck = 2620;
				TargetAttributes = {
					56C229342F1B87760083660B = {
						CreatedOnToolsVersion = 26.2;
					};
					56C2293D2F1B87760083660B = {
						CreatedOnToolsVersion = 26.2;
					};
					56C22B102F1C70000083660B = {
						CreatedOnToolsVersion = 26.2;
					};
					56C2B7F12F25001A0055C34D = {
						CreatedOnToolsVersion = 26.2;
					};
				};
			};
			buildConfigurationList = 56C2292F2F1B87760083660B /* Build configuration list for PBXProject "core" */;
			developmentRegion = en;
			hasScannedForEncodings = 0;
			knownRegions = (
				en,
				Base,
			);
			mainGroup = 56C2292B2F1B87760083660B;
			minimizedProjectReferenceProxies = 1;
			preferredProjectObjectVersion = 77;
			productRefGroup = 56C229362F1B87760083660B /* Products */;
			projectDirPath = "";
			projectRoot = "";
			targets = (
				56C2B7F12F25001A0055C34D /* flatbuffers-codegen */,
				56C22B102F1C70000083660B /* mujoco-framework */,
				56C229342F1B87760083660B /* core */,
				56C2293D2F1B87760083660B /* core_tests */,
			);
		};
/* End PBXProject section */

/* Begin PBXResourcesBuildPhase section */
		56C229332F1B87760083660B /* Resources */ = {
			isa = PBXResourcesBuildPhase;
			buildActionMask = 2147483647;
			files = (
			);
			runOnlyForDeploymentPostprocessing = 0;
		};
		56C2293C2F1B87760083660B /* Resources */ = {
			isa = PBXResourcesBuildPhase;
			buildActionMask = 2147483647;
			files = (
			);
			runOnlyForDeploymentPostprocessing = 0;
		};
/* End PBXResourcesBuildPhase section */

/* Begin PBXShellScriptBuildPhase section */
		56C22B112F1C70000083660B /* Run Script - Build MuJoCo XCFramework */ = {
			isa = PBXShellScriptBuildPhase;
			buildActionMask = 2147483647;
			files = (
			);
			inputFileListPaths = (
			);
			inputPaths = (
				"$(PROJECT_DIR)/../../scripts/build_mujoco_xcframework.sh",
			);
			name = "Run Script - Build MuJoCo XCFramework";
			outputFileListPaths = (
			);
			outputPaths = (
				"$(PROJECT_DIR)/../../build/frameworks/mujoco.xcframework",
			);
			runOnlyForDeploymentPostprocessing = 0;
			shellPath = /bin/zsh;
			shellScript = "\"${PROJECT_DIR}/../../scripts/build_mujoco_xcframework.sh\"\n";
		};
		56C2B7F02F25000A0055C34D /* Run Script - Generate FlatBuffers */ = {
			isa = PBXShellScriptBuildPhase;
			buildActionMask = 2147483647;
			files = (
			);
			inputFileListPaths = (
			);
			inputPaths = (
				"$(PROJECT_DIR)/../../schema/control.fbs",
				"$(PROJECT_DIR)/../../schema/state.fbs",
			);
			name = "Run Script - Generate FlatBuffers";
			outputFileListPaths = (
			);
			outputPaths = (
				"$(PROJECT_DIR)/../../build/generated/flatbuffers/imujoco/schema/control_generated.h",
				"$(PROJECT_DIR)/../../build/generated/flatbuffers/imujoco/schema/state_generated.h",
			);
			runOnlyForDeploymentPostprocessing = 0;
			shellPath = /bin/zsh;
			shellScript = "\"${PROJECT_DIR}/../../scripts/generate_flatbuffers.sh\" \"${PROJECT_DIR}/../../build/generated/flatbuffers\"\n";
		};
/* End PBXShellScriptBuildPhase section */

/* Begin PBXSourcesBuildPhase section */
		56C229312F1B87760083660B /* Sources */ = {
			isa = PBXSourcesBuildPhase;
			buildActionMask = 2147483647;
			files = (
			);
			runOnlyForDeploymentPostprocessing = 0;
		};
		56C2293A2F1B87760083660B /* Sources */ = {
			isa = PBXSourcesBuildPhase;
			buildActionMask = 2147483647;
			files = (
			);
			runOnlyForDeploymentPostprocessing = 0;
		};
/* End PBXSourcesBuildPhase section */

/* Begin PBXTargetDependency section */
		56C229412F1B87760083660B /* PBXTargetDependency */ = {
			isa = PBXTargetDependency;
			target = 56C229342F1B87760083660B /* core */;
			targetProxy = 56C229402F1B87760083660B /* PBXContainerItemProxy */;
		};
		56C22B132F1C70000083660B /* PBXTargetDependency */ = {
			isa = PBXTargetDependency;
			target = 56C22B102F1C70000083660B /* mujoco-framework */;
			targetProxy = 56C22B122F1C70000083660B /* PBXContainerItemProxy */;
		};
		56C2B7F32F25001A0055C34D /* PBXTargetDependency */ = {
			isa = PBXTargetDependency;
			target = 56C2B7F12F25001A0055C34D /* flatbuffers-codegen */;
			targetProxy = 56C2B7F22F25001A0055C34D /* PBXContainerItemProxy */;
		};
/* End PBXTargetDependency section */

/* Begin XCBuildConfiguration section */
		56C229452F1B87760083660B /* Debug */ = {
			isa = XCBuildConfiguration;
			buildSettings = {
				ALWAYS_SEARCH_USER_PATHS = NO;
				ASSETCATALOG_COMPILER_GENERATE_SWIFT_ASSET_SYMBOL_EXTENSIONS = YES;
				CLANG_ANALYZER_NONNULL = YES;
				CLANG_ANALYZER_NUMBER_OBJECT_CONVERSION = YES_AGGRESSIVE;
				CLANG_CXX_LANGUAGE_STANDARD = "gnu++20";
				CLANG_ENABLE_MODULES = YES;
				CLANG_ENABLE_OBJC_ARC = YES;
				CLANG_ENABLE_OBJC_WEAK = YES;
				CLANG_WARN_BLOCK_CAPTURE_AUTORELEASING = YES;
				CLANG_WARN_BOOL_CONVERSION = YES;
				CLANG_WARN_COMMA = YES;
				CLANG_WARN_CONSTANT_CONVERSION = YES;
				CLANG_WARN_DEPRECATED_OBJC_IMPLEMENTATIONS = YES;
				CLANG_WARN_DIRECT_OBJC_ISA_USAGE = YES_ERROR;
				CLANG_WARN_DOCUMENTATION_COMMENTS = YES;
				CLANG_WARN_EMPTY_BODY = YES;
				CLANG_WARN_ENUM_CONVERSION = YES;
				CLANG_WARN_INFINITE_RECURSION = YES;
				CLANG_WARN_INT_CONVERSION = YES;
				CLANG_WARN_NON_LITERAL_NULL_CONVERSION = YES;
				CLANG_WARN_OBJC_IMPLICIT_RETAIN_SELF = YES;
				CLANG_WARN_OBJC_LITERAL_CONVERSION = YES;
				CLANG_WARN_OBJC_ROOT_CLASS = YES_ERROR;
				CLANG_WARN_QUOTED_INCLUDE_IN_FRAMEWORK_HEADER = YES;
				CLANG_WARN_RANGE_LOOP_ANALYSIS = YES;
				CLANG_WARN_STRICT_PROTOTYPES = YES;
				CLANG_WARN_SUSPICIOUS_MOVE = YES;
				CLANG_WARN_UNGUARDED_AVAILABILITY = YES_AGGRESSIVE;
				CLANG_WARN_UNREACHABLE_CODE = YES;
				CLANG_WARN__DUPLICATE_METHOD_MATCH = YES;
				COPY_PHASE_STRIP = NO;
				CURRENT_PROJECT_VERSION = 1;
				DEBUG_INFORMATION_FORMAT = dwarf;
				ENABLE_STRICT_OBJC_MSGSEND = YES;
				ENABLE_TESTABILITY = YES;
				ENABLE_USER_SCRIPT_SANDBOXING = YES;
				GCC_C_LANGUAGE_STANDARD = gnu17;
				GCC_DYNAMIC_NO_PIC = NO;
				GCC_NO_COMMON_BLOCKS = YES;
				GCC_OPTIMIZATION_LEVEL = 0;
				GCC_PREPROCESSOR_DEFINITIONS = (
					"DEBUG=1",
					"$(inherited)",
				);
				GCC_WARN_64_TO_32_BIT_CONVERSION = YES;
				GCC_WARN_ABOUT_RETURN_TYPE = YES_ERROR;
				GCC_WARN_UNDECLARED_SELECTOR = YES;
				GCC_WARN_UNINITIALIZED_AUTOS = YES_AGGRESSIVE;
				GCC_WARN_UNUSED_FUNCTION = YES;
				GCC_WARN_UNUSED_VARIABLE = YES;
				LOCALIZATION_PREFERS_STRING_CATALOGS = YES;
				MTL_ENABLE_DEBUG_INFO = INCLUDE_SOURCE;
				MTL_FAST_MATH = YES;
				ONLY_ACTIVE_ARCH = YES;
				SWIFT_ACTIVE_COMPILATION_CONDITIONS = "DEBUG $(inherited)";
				SWIFT_OPTIMIZATION_LEVEL = "-Onone";
				VERSIONING_SYSTEM = "apple-generic";
				VERSION_INFO_PREFIX = "";
			};
			name = Debug;
		};
		56C229462F1B87760083660B /* Release */ = {
			isa = XCBuildConfiguration;
			buildSettings = {
				ALWAYS_SEARCH_USER_PATHS = NO;
				ASSETCATALOG_COMPILER_GENERATE_SWIFT_ASSET_SYMBOL_EXTENSIONS = YES;
				CLANG_ANALYZER_NONNULL = YES;
				CLANG_ANALYZER_NUMBER_OBJECT_CONVERSION = YES_AGGRESSIVE;
				CLANG_CXX_LANGUAGE_STANDARD = "gnu++20";
				CLANG_ENABLE_MODULES = YES;
				CLANG_ENABLE_OBJC_ARC = YES;
				CLANG_ENABLE_OBJC_WEAK = YES;
				CLANG_WARN_BLOCK_CAPTURE_AUTORELEASING = YES;
				CLANG_WARN_BOOL_CONVERSION = YES;
				CLANG_WARN_COMMA = YES;
				CLANG_WARN_CONSTANT_CONVERSION = YES;
				CLANG_WARN_DEPRECATED_OBJC_IMPLEMENTATIONS = YES;
				CLANG_WARN_DIRECT_OBJC_ISA_USAGE = YES_ERROR;
				CLANG_WARN_DOCUMENTATION_COMMENTS = YES;
				CLANG_WARN_EMPTY_BODY = YES;
				CLANG_WARN_ENUM_CONVERSION = YES;
				CLANG_WARN_INFINITE_RECURSION = YES;
				CLANG_WARN_INT_CONVERSION = YES;
				CLANG_WARN_NON_LITERAL_NULL_CONVERSION = YES;
				CLANG_WARN_OBJC_IMPLICIT_RETAIN_SELF = YES;
				CLANG_WARN_OBJC_LITERAL_CONVERSION = YES;
				CLANG_WARN_OBJC_ROOT_CLASS = YES_ERROR;
				CLANG_WARN_QUOTED_INCLUDE_IN_FRAMEWORK_HEADER = YES;
				CLANG_WARN_RANGE_LOOP_ANALYSIS = YES;
				CLANG_WARN_STRICT_PROTOTYPES = YES;
				CLANG_WARN_SUSPICIOUS_MOVE = YES;
				CLANG_WARN_UNGUARDED_AVAILABILITY = YES_AGGRESSIVE;
				CLANG_WARN_UNREACHABLE_CODE = YES;
				CLANG_WARN__DUPLICATE_METHOD_MATCH = YES;
				COPY_PHASE_STRIP = NO;
				CURRENT_PROJECT_VERSION = 1;
				DEBUG_INFORMATION_FORMAT = "dwarf-with-dsym";
				ENABLE_NS_ASSERTIONS = NO;
				ENABLE_STRICT_OBJC_MSGSEND = YES;
				ENABLE_USER_SCRIPT_SANDBOXING = YES;
				GCC_C_LANGUAGE_STANDARD = gnu17;
				GCC_NO_COMMON_BLOCKS = YES;
				GCC_WARN_64_TO_32_BIT_CONVERSION = YES;
				GCC_WARN_ABOUT_RETURN_TYPE = YES_ERROR;
				GCC_WARN_UNDECLARED_SELECTOR = YES;
				GCC_WARN_UNINITIALIZED_AUTOS = YES_AGGRESSIVE;
				GCC_WARN_UNUSED_FUNCTION = YES;
				GCC_WARN_UNUSED_VARIABLE = YES;
				LOCALIZATION_PREFERS_STRING_CATALOGS = YES;
				MTL_ENABLE_DEBUG_INFO = NO;
				MTL_FAST_MATH = YES;
				SWIFT_COMPILATION_MODE = wholemodule;
				VERSIONING_SYSTEM = "apple-generic";
				VERSION_INFO_PREFIX = "";
			};
			name = Release;
		};
		56C229482F1B87760083660B /* Debug */ = {
			isa = XCBuildConfiguration;
			baseConfigurationReference = 56C22B012F1C61000083660B /* core.xcconfig */;
			buildSettings = {
				ALLOW_TARGET_PLATFORM_SPECIALIZATION = YES;
				BUILD_LIBRARY_FOR_DISTRIBUTION = YES;
				CODE_SIGN_IDENTITY = "Apple Development";
				CURRENT_PROJECT_VERSION = 1;
				"DEVELOPMENT_TEAM[sdk=appletvos*]" = GJ6VBRTZLY;
				"DEVELOPMENT_TEAM[sdk=iphoneos*]" = GJ6VBRTZLY;
				"DEVELOPMENT_TEAM[sdk=macosx*]" = GJ6VBRTZLY;
				DYLIB_COMPATIBILITY_VERSION = 1;
				DYLIB_CURRENT_VERSION = 1;
				DYLIB_INSTALL_NAME_BASE = "@rpath";
				ENABLE_MODULE_VERIFIER = YES;
				GENERATE_INFOPLIST_FILE = YES;
				INFOPLIST_KEY_NSHumanReadableCopyright = "";
				INSTALL_PATH = "$(LOCAL_LIBRARY_DIR)/Frameworks";
				IPHONEOS_DEPLOYMENT_TARGET = 18.6;
				LD_RUNPATH_SEARCH_PATHS = (
					"@executable_path/Frameworks",
					"@loader_path/Frameworks",
				);
				"LD_RUNPATH_SEARCH_PATHS[sdk=macosx*]" = (
					"@executable_path/../Frameworks",
					"@loader_path/Frameworks",
				);
				MACOSX_DEPLOYMENT_TARGET = 15.6;
				MARKETING_VERSION = 1.0;
				MODULE_VERIFIER_SUPPORTED_LANGUAGES = "objective-c objective-c++";
				MODULE_VERIFIER_SUPPORTED_LANGUAGE_STANDARDS = "gnu17 gnu++20";
				PRODUCT_BUNDLE_IDENTIFIER = com.hhkblogi.imujoco.core;
				PRODUCT_NAME = "$(TARGET_NAME:c99extidentifier)";
				SDKROOT = auto;
				SKIP_INSTALL = YES;
				STRING_CATALOG_GENERATE_SYMBOLS = YES;
				SUPPORTED_PLATFORMS = "appletvos appletvsimulator iphoneos iphonesimulator macosx";
				SUPPORTS_MACCATALYST = NO;
				SWIFT_APPROACHABLE_CONCURRENCY = YES;
				SWIFT_EMIT_LOC_STRINGS = YES;
				SWIFT_INSTALL_MODULE = YES;
				SWIFT_INSTALL_OBJC_HEADER = NO;
				SWIFT_UPCOMING_FEATURE_MEMBER_IMPORT_VISIBILITY = YES;
				SWIFT_VERSION = 5.0;
				TARGETED_DEVICE_FAMILY = "1,2,3";
				TVOS_DEPLOYMENT_TARGET = 18.6;
				XROS_DEPLOYMENT_TARGET = 26.2;
			};
			name = Debug;
		};
		56C229492F1B87760083660B /* Release */ = {
			isa = XCBuildConfiguration;
			baseConfigurationReference = 56C22B012F1C61000083660B /* core.xcconfig */;
			buildSettings = {
				ALLOW_TARGET_PLATFORM_SPECIALIZATION = YES;
				BUILD_LIBRARY_FOR_DISTRIBUTION = YES;
				CODE_SIGN_IDENTITY = "Apple Development";
				CURRENT_PROJECT_VERSION = 1;
				"DEVELOPMENT_TEAM[sdk=appletvos*]" = GJ6VBRTZLY;
				"DEVELOPMENT_TEAM[sdk=iphoneos*]" = GJ6VBRTZLY;
				"DEVELOPMENT_TEAM[sdk=macosx*]" = GJ6VBRTZLY;
				DYLIB_COMPATIBILITY_VERSION = 1;
				DYLIB_CURRENT_VERSION = 1;
				DYLIB_INSTALL_NAME_BASE = "@rpath";
				ENABLE_MODULE_VERIFIER = YES;
				GENERATE_INFOPLIST_FILE = YES;
				INFOPLIST_KEY_NSHumanReadableCopyright = "";
				INSTALL_PATH = "$(LOCAL_LIBRARY_DIR)/Frameworks";
				IPHONEOS_DEPLOYMENT_TARGET = 18.6;
				LD_RUNPATH_SEARCH_PATHS = (
					"@executable_path/Frameworks",
					"@loader_path/Frameworks",
				);
				"LD_RUNPATH_SEARCH_PATHS[sdk=macosx*]" = (
					"@executable_path/../Frameworks",
					"@loader_path/Frameworks",
				);
				MACOSX_DEPLOYMENT_TARGET = 15.6;
				MARKETING_VERSION = 1.0;
				MODULE_VERIFIER_SUPPORTED_LANGUAGES = "objective-c objective-c++";
				MODULE_VERIFIER_SUPPORTED_LANGUAGE_STANDARDS = "gnu17 gnu++20";
				PRODUCT_BUNDLE_IDENTIFIER = com.hhkblogi.imujoco.core;
				PRODUCT_NAME = "$(TARGET_NAME:c99extidentifier)";
				SDKROOT = auto;
				SKIP_INSTALL = YES;
				STRING_CATALOG_GENERATE_SYMBOLS = YES;
				SUPPORTED_PLATFORMS = "appletvos appletvsimulator iphoneos iphonesimulator macosx";
				SUPPORTS_MACCATALYST = NO;
				SWIFT_APPROACHABLE_CONCURRENCY = YES;
				SWIFT_EMIT_LOC_STRINGS = YES;
				SWIFT_INSTALL_MODULE = YES;
				SWIFT_INSTALL_OBJC_HEADER = NO;
				SWIFT_UPCOMING_FEATURE_MEMBER_IMPORT_VISIBILITY = YES;
				SWIFT_VERSION = 5.0;
				TARGETED_DEVICE_FAMILY = "1,2,3";
				TVOS_DEPLOYMENT_TARGET = 18.6;
				XROS_DEPLOYMENT_TARGET = 26.2;
			};
			name = Release;
		};
		56C2294B2F1B87760083660B /* Debug */ = {
			isa = XCBuildConfiguration;
			baseConfigurationReference = 56C22B012F1C61000083660B /* core.xcconfig */;
			buildSettings = {
				ALLOW_TARGET_PLATFORM_SPECIALIZATION = YES;
				CURRENT_PROJECT_VERSION = 1;
				GENERATE_INFOPLIST_FILE = YES;
				IPHONEOS_DEPLOYMENT_TARGET = 18.6;
				MACOSX_DEPLOYMENT_TARGET = 15.6;
				MARKETING_VERSION = 1.0;
				PRODUCT_BUNDLE_IDENTIFIER = "com.hhkblogi.imujoco.core-tests";
				PRODUCT_NAME = "$(TARGET_NAME)";
				SDKROOT = auto;
				STRING_CATALOG_GENERATE_SYMBOLS = NO;
				SUPPORTED_PLATFORMS = "appletvos appletvsimulator iphoneos iphonesimulator macosx";
				SUPPORTS_MACCATALYST = NO;
				SWIFT_APPROACHABLE_CONCURRENCY = YES;
				SWIFT_EMIT_LOC_STRINGS = NO;
				SWIFT_UPCOMING_FEATURE_MEMBER_IMPORT_VISIBILITY = YES;
				SWIFT_VERSION = 5.0;
				TARGETED_DEVICE_FAMILY = "1,2,3";
				TVOS_DEPLOYMENT_TARGET = 18.6;
				XROS_DEPLOYMENT_TARGET = 26.2;
			};
			name = Debug;
		};
		56C2294C2F1B87760083660B /* Release */ = {
			isa = XCBuildConfiguration;
			baseConfigurationReference = 56C22B012F1C61000083660B /* core.xcconfig */;
			buildSettings = {
				ALLOW_TARGET_PLATFORM_SPECIALIZATION = YES;
				CURRENT_PROJECT_VERSION = 1;
				GENERATE_INFOPLIST_FILE = YES;
				IPHONEOS_DEPLOYMENT_TARGET = 18.6;
				MACOSX_DEPLOYMENT_TARGET = 15.6;
				MARKETING_VERSION = 1.0;
				PRODUCT_BUNDLE_IDENTIFIER = "com.hhkblogi.imujoco.core-tests";
				PRODUCT_NAME = "$(TARGET_NAME)";
				SDKROOT = auto;
				STRING_CATALOG_GENERATE_SYMBOLS = NO;
				SUPPORTED_PLATFORMS = "appletvos appletvsimulator iphoneos iphonesimulator macosx";
				SUPPORTS_MACCATALYST = NO;
				SWIFT_APPROACHABLE_CONCURRENCY = YES;
				SWIFT_EMIT_LOC_STRINGS = NO;
				SWIFT_UPCOMING_FEATURE_MEMBER_IMPORT_VISIBILITY = YES;
				SWIFT_VERSION = 5.0;
				TARGETED_DEVICE_FAMILY = "1,2,3";
				TVOS_DEPLOYMENT_TARGET = 18.6;
				XROS_DEPLOYMENT_TARGET = 26.2;
			};
			name = Release;
		};
		56C22B142F1C70000083660B /* Debug */ = {
			isa = XCBuildConfiguration;
			baseConfigurationReference = 56C22B012F1C61000083660B /* core.xcconfig */;
			buildSettings = {
				MACOSX_DEPLOYMENT_TARGET = 15.0;
				PRODUCT_NAME = "$(TARGET_NAME)";
				SDKROOT = macosx;
			};
			name = Debug;
		};
		56C22B152F1C70000083660B /* Release */ = {
			isa = XCBuildConfiguration;
			baseConfigurationReference = 56C22B012F1C61000083660B /* core.xcconfig */;
			buildSettings = {
				MACOSX_DEPLOYMENT_TARGET = 15.0;
				PRODUCT_NAME = "$(TARGET_NAME)";
				SDKROOT = macosx;
			};
			name = Release;
		};
		56C2B7F42F25001A0055C34D /* Debug */ = {
			isa = XCBuildConfiguration;
			baseConfigurationReference = 56C22B012F1C61000083660B /* core.xcconfig */;
			buildSettings = {
				MACOSX_DEPLOYMENT_TARGET = 15.0;
				PRODUCT_NAME = "$(TARGET_NAME)";
				SDKROOT = macosx;
			};
			name = Debug;
		};
		56C2B7F52F25001A0055C34D /* Release */ = {
			isa = XCBuildConfiguration;
			baseConfigurationReference = 56C22B012F1C61000083660B /* core.xcconfig */;
			buildSettings = {
				MACOSX_DEPLOYMENT_TARGET = 15.0;
				PRODUCT_NAME = "$(TARGET_NAME)";
				SDKROOT = macosx;
			};
			name = Release;
		};
/* End XCBuildConfiguration section */

/* Begin XCConfigurationList section */
		56C2292F2F1B87760083660B /* Build configuration list for PBXProject "core" */ = {
			isa = XCConfigurationList;
			buildConfigurations = (
				56C229452F1B87760083660B /* Debug */,
				56C229462F1B87760083660B /* Release */,
			);
			defaultConfigurationIsVisible = 0;
			defaultConfigurationName = Release;
		};
		56C229472F1B87760083660B /* Build configuration list for PBXNativeTarget "core" */ = {
			isa = XCConfigurationList;
			buildConfigurations = (
				56C229482F1B87760083660B /* Debug */,
				56C229492F1B87760083660B /* Release */,
			);
			defaultConfigurationIsVisible = 0;
			defaultConfigurationName = Release;
		};
		56C2294A2F1B87760083660B /* Build configuration list for PBXNativeTarget "core_tests" */ = {
			isa = XCConfigurationList;
			buildConfigurations = (
				56C2294B2F1B87760083660B /* Debug */,
				56C2294C2F1B87760083660B /* Release */,
			);
			defaultConfigurationIsVisible = 0;
			defaultConfigurationName = Release;
		};
		56C22B162F1C70000083660B /* Build configuration list for PBXAggregateTarget "mujoco-framework" */ = {
			isa = XCConfigurationList;
			buildConfigurations = (
				56C22B142F1C70000083660B /* Debug */,
				56C22B152F1C70000083660B /* Release */,
			);
			defaultConfigurationIsVisible = 0;
			defaultConfigurationName = Release;
		};
		56C2B7F72F25001A0055C34D /* Build configuration list for PBXAggregateTarget "flatbuffers-codegen" */ = {
			isa = XCConfigurationList;
			buildConfigurations = (
				56C2B7F42F25001A0055C34D /* Debug */,
				56C2B7F52F25001A0055C34D /* Release */,
			);
			defaultConfigurationIsVisible = 0;
			defaultConfigurationName = Release;
		};
/* End XCConfigurationList section */
	};
	rootObject = 56C2292C2F1B87760083660B /* Project object */;
}
